
Microsoft Visual Studio Solution File, Format Version 12.00
# Visual Studio 15
VisualStudioVersion = 15.0.28010.2050
MinimumVisualStudioVersion = 10.0.40219.1
Project("{FAE04EC0-301F-11D3-BF4B-00C04F79EFBC}") = "mobileApp.Android", "mobileApp\mobileApp.Android\mobileApp.Android.csproj", "{24CE3C36-16B9-426D-AA0C-5961ECF8D88C}"
EndProject
Project("{FAE04EC0-301F-11D3-BF4B-00C04F79EFBC}") = "mobileApp.iOS", "mobileApp\mobileApp.iOS\mobileApp.iOS.csproj", "{3B923B75-5F0A-42D8-A63B-43B944FB120A}"
EndProject
Project("{FAE04EC0-301F-11D3-BF4B-00C04F79EFBC}") = "mobileApp.UWP", "mobileApp\mobileApp.UWP\mobileApp.UWP.csproj", "{47C924C9-EA3D-4BAC-9FF9-2ACDF9F70AC2}"
EndProject
Project("{FAE04EC0-301F-11D3-BF4B-00C04F79EFBC}") = "mobileApp", "mobileApp\mobileApp\mobileApp.csproj", "{41D6D29A-578B-4779-8F94-1E7671AF924C}"
EndProject
Global
	GlobalSection(SolutionConfigurationPlatforms) = preSolution
		Debug|Any CPU = Debug|Any CPU
		Debug|ARM = Debug|ARM
		Debug|iPhone = Debug|iPhone
		Debug|iPhoneSimulator = Debug|iPhoneSimulator
		Debug|x64 = Debug|x64
		Debug|x86 = Debug|x86
		Release|Any CPU = Release|Any CPU
		Release|ARM = Release|ARM
		Release|iPhone = Release|iPhone
		Release|iPhoneSimulator = Release|iPhoneSimulator
		Release|x64 = Release|x64
		Release|x86 = Release|x86
	EndGlobalSection
	GlobalSection(ProjectConfigurationPlatforms) = postSolution
		{24CE3C36-16B9-426D-AA0C-5961ECF8D88C}.Debug|Any CPU.ActiveCfg = Debug|Any CPU
		{24CE3C36-16B9-426D-AA0C-5961ECF8D88C}.Debug|Any CPU.Build.0 = Debug|Any CPU
		{24CE3C36-16B9-426D-AA0C-5961ECF8D88C}.Debug|Any CPU.Deploy.0 = Debug|Any CPU
		{24CE3C36-16B9-426D-AA0C-5961ECF8D88C}.Debug|ARM.ActiveCfg = Debug|Any CPU
		{24CE3C36-16B9-426D-AA0C-5961ECF8D88C}.Debug|ARM.Build.0 = Debug|Any CPU
		{24CE3C36-16B9-426D-AA0C-5961ECF8D88C}.Debug|ARM.Deploy.0 = Debug|Any CPU
		{24CE3C36-16B9-426D-AA0C-5961ECF8D88C}.Debug|iPhone.ActiveCfg = Debug|Any CPU
		{24CE3C36-16B9-426D-AA0C-5961ECF8D88C}.Debug|iPhone.Build.0 = Debug|Any CPU
		{24CE3C36-16B9-426D-AA0C-5961ECF8D88C}.Debug|iPhone.Deploy.0 = Debug|Any CPU
		{24CE3C36-16B9-426D-AA0C-5961ECF8D88C}.Debug|iPhoneSimulator.ActiveCfg = Debug|Any CPU
		{24CE3C36-16B9-426D-AA0C-5961ECF8D88C}.Debug|iPhoneSimulator.Build.0 = Debug|Any CPU
		{24CE3C36-16B9-426D-AA0C-5961ECF8D88C}.Debug|iPhoneSimulator.Deploy.0 = Debug|Any CPU
		{24CE3C36-16B9-426D-AA0C-5961ECF8D88C}.Debug|x64.ActiveCfg = Debug|Any CPU
		{24CE3C36-16B9-426D-AA0C-5961ECF8D88C}.Debug|x64.Build.0 = Debug|Any CPU
		{24CE3C36-16B9-426D-AA0C-5961ECF8D88C}.Debug|x64.Deploy.0 = Debug|Any CPU
		{24CE3C36-16B9-426D-AA0C-5961ECF8D88C}.Debug|x86.ActiveCfg = Debug|Any CPU
		{24CE3C36-16B9-426D-AA0C-5961ECF8D88C}.Debug|x86.Build.0 = Debug|Any CPU
		{24CE3C36-16B9-426D-AA0C-5961ECF8D88C}.Debug|x86.Deploy.0 = Debug|Any CPU
		{24CE3C36-16B9-426D-AA0C-5961ECF8D88C}.Release|Any CPU.ActiveCfg = Release|Any CPU
		{24CE3C36-16B9-426D-AA0C-5961ECF8D88C}.Release|Any CPU.Build.0 = Release|Any CPU
		{24CE3C36-16B9-426D-AA0C-5961ECF8D88C}.Release|Any CPU.Deploy.0 = Release|Any CPU
		{24CE3C36-16B9-426D-AA0C-5961ECF8D88C}.Release|ARM.ActiveCfg = Release|Any CPU
		{24CE3C36-16B9-426D-AA0C-5961ECF8D88C}.Release|ARM.Build.0 = Release|Any CPU
		{24CE3C36-16B9-426D-AA0C-5961ECF8D88C}.Release|ARM.Deploy.0 = Release|Any CPU
		{24CE3C36-16B9-426D-AA0C-5961ECF8D88C}.Release|iPhone.ActiveCfg = Release|Any CPU
		{24CE3C36-16B9-426D-AA0C-5961ECF8D88C}.Release|iPhone.Build.0 = Release|Any CPU
		{24CE3C36-16B9-426D-AA0C-5961ECF8D88C}.Release|iPhone.Deploy.0 = Release|Any CPU
		{24CE3C36-16B9-426D-AA0C-5961ECF8D88C}.Release|iPhoneSimulator.ActiveCfg = Release|Any CPU
		{24CE3C36-16B9-426D-AA0C-5961ECF8D88C}.Release|iPhoneSimulator.Build.0 = Release|Any CPU
		{24CE3C36-16B9-426D-AA0C-5961ECF8D88C}.Release|iPhoneSimulator.Deploy.0 = Release|Any CPU
		{24CE3C36-16B9-426D-AA0C-5961ECF8D88C}.Release|x64.ActiveCfg = Release|Any CPU
		{24CE3C36-16B9-426D-AA0C-5961ECF8D88C}.Release|x64.Build.0 = Release|Any CPU
		{24CE3C36-16B9-426D-AA0C-5961ECF8D88C}.Release|x64.Deploy.0 = Release|Any CPU
		{24CE3C36-16B9-426D-AA0C-5961ECF8D88C}.Release|x86.ActiveCfg = Release|Any CPU
		{24CE3C36-16B9-426D-AA0C-5961ECF8D88C}.Release|x86.Build.0 = Release|Any CPU
		{24CE3C36-16B9-426D-AA0C-5961ECF8D88C}.Release|x86.Deploy.0 = Release|Any CPU
		{3B923B75-5F0A-42D8-A63B-43B944FB120A}.Debug|Any CPU.ActiveCfg = Debug|iPhoneSimulator
		{3B923B75-5F0A-42D8-A63B-43B944FB120A}.Debug|Any CPU.Build.0 = Debug|iPhoneSimulator
		{3B923B75-5F0A-42D8-A63B-43B944FB120A}.Debug|Any CPU.Deploy.0 = Debug|iPhoneSimulator
		{3B923B75-5F0A-42D8-A63B-43B944FB120A}.Debug|ARM.ActiveCfg = Debug|iPhone
		{3B923B75-5F0A-42D8-A63B-43B944FB120A}.Debug|ARM.Build.0 = Debug|iPhone
		{3B923B75-5F0A-42D8-A63B-43B944FB120A}.Debug|ARM.Deploy.0 = Debug|iPhone
		{3B923B75-5F0A-42D8-A63B-43B944FB120A}.Debug|iPhone.ActiveCfg = Debug|iPhone
		{3B923B75-5F0A-42D8-A63B-43B944FB120A}.Debug|iPhone.Build.0 = Debug|iPhone
		{3B923B75-5F0A-42D8-A63B-43B944FB120A}.Debug|iPhone.Deploy.0 = Debug|iPhone
		{3B923B75-5F0A-42D8-A63B-43B944FB120A}.Debug|iPhoneSimulator.ActiveCfg = Debug|iPhoneSimulator
		{3B923B75-5F0A-42D8-A63B-43B944FB120A}.Debug|iPhoneSimulator.Build.0 = Debug|iPhoneSimulator
		{3B923B75-5F0A-42D8-A63B-43B944FB120A}.Debug|iPhoneSimulator.Deploy.0 = Debug|iPhoneSimulator
		{3B923B75-5F0A-42D8-A63B-43B944FB120A}.Debug|x64.ActiveCfg = Debug|iPhone
		{3B923B75-5F0A-42D8-A63B-43B944FB120A}.Debug|x64.Build.0 = Debug|iPhone
		{3B923B75-5F0A-42D8-A63B-43B944FB120A}.Debug|x64.Deploy.0 = Debug|iPhone
		{3B923B75-5F0A-42D8-A63B-43B944FB120A}.Debug|x86.ActiveCfg = Debug|iPhone
		{3B923B75-5F0A-42D8-A63B-43B944FB120A}.Debug|x86.Build.0 = Debug|iPhone
		{3B923B75-5F0A-42D8-A63B-43B944FB120A}.Debug|x86.Deploy.0 = Debug|iPhone
		{3B923B75-5F0A-42D8-A63B-43B944FB120A}.Release|Any CPU.ActiveCfg = Release|iPhone
		{3B923B75-5F0A-42D8-A63B-43B944FB120A}.Release|Any CPU.Build.0 = Release|iPhone
		{3B923B75-5F0A-42D8-A63B-43B944FB120A}.Release|Any CPU.Deploy.0 = Release|iPhone
		{3B923B75-5F0A-42D8-A63B-43B944FB120A}.Release|ARM.ActiveCfg = Release|iPhone
		{3B923B75-5F0A-42D8-A63B-43B944FB120A}.Release|ARM.Build.0 = Release|iPhone
		{3B923B75-5F0A-42D8-A63B-43B944FB120A}.Release|ARM.Deploy.0 = Release|iPhone
		{3B923B75-5F0A-42D8-A63B-43B944FB120A}.Release|iPhone.ActiveCfg = Release|iPhone
		{3B923B75-5F0A-42D8-A63B-43B944FB120A}.Release|iPhone.Build.0 = Release|iPhone
		{3B923B75-5F0A-42D8-A63B-43B944FB120A}.Release|iPhone.Deploy.0 = Release|iPhone
		{3B923B75-5F0A-42D8-A63B-43B944FB120A}.Release|iPhoneSimulator.ActiveCfg = Release|iPhoneSimulator
		{3B923B75-5F0A-42D8-A63B-43B944FB120A}.Release|iPhoneSimulator.Build.0 = Release|iPhoneSimulator
		{3B923B75-5F0A-42D8-A63B-43B944FB120A}.Release|iPhoneSimulator.Deploy.0 = Release|iPhoneSimulator
		{3B923B75-5F0A-42D8-A63B-43B944FB120A}.Release|x64.ActiveCfg = Release|iPhone
		{3B923B75-5F0A-42D8-A63B-43B944FB120A}.Release|x64.Build.0 = Release|iPhone
		{3B923B75-5F0A-42D8-A63B-43B944FB120A}.Release|x64.Deploy.0 = Release|iPhone
		{3B923B75-5F0A-42D8-A63B-43B944FB120A}.Release|x86.ActiveCfg = Release|iPhone
		{3B923B75-5F0A-42D8-A63B-43B944FB120A}.Release|x86.Build.0 = Release|iPhone
		{3B923B75-5F0A-42D8-A63B-43B944FB120A}.Release|x86.Deploy.0 = Release|iPhone
		{47C924C9-EA3D-4BAC-9FF9-2ACDF9F70AC2}.Debug|Any CPU.ActiveCfg = Debug|x86
		{47C924C9-EA3D-4BAC-9FF9-2ACDF9F70AC2}.Debug|Any CPU.Build.0 = Debug|x86
		{47C924C9-EA3D-4BAC-9FF9-2ACDF9F70AC2}.Debug|Any CPU.Deploy.0 = Debug|x86
		{47C924C9-EA3D-4BAC-9FF9-2ACDF9F70AC2}.Debug|ARM.ActiveCfg = Debug|ARM
		{47C924C9-EA3D-4BAC-9FF9-2ACDF9F70AC2}.Debug|ARM.Build.0 = Debug|ARM
		{47C924C9-EA3D-4BAC-9FF9-2ACDF9F70AC2}.Debug|ARM.Deploy.0 = Debug|ARM
		{47C924C9-EA3D-4BAC-9FF9-2ACDF9F70AC2}.Debug|iPhone.ActiveCfg = Debug|x86
		{47C924C9-EA3D-4BAC-9FF9-2ACDF9F70AC2}.Debug|iPhone.Build.0 = Debug|x86
		{47C924C9-EA3D-4BAC-9FF9-2ACDF9F70AC2}.Debug|iPhone.Deploy.0 = Debug|x86
		{47C924C9-EA3D-4BAC-9FF9-2ACDF9F70AC2}.Debug|iPhoneSimulator.ActiveCfg = Debug|x86
		{47C924C9-EA3D-4BAC-9FF9-2ACDF9F70AC2}.Debug|iPhoneSimulator.Build.0 = Debug|x86
		{47C924C9-EA3D-4BAC-9FF9-2ACDF9F70AC2}.Debug|iPhoneSimulator.Deploy.0 = Debug|x86
		{47C924C9-EA3D-4BAC-9FF9-2ACDF9F70AC2}.Debug|x64.ActiveCfg = Debug|x64
		{47C924C9-EA3D-4BAC-9FF9-2ACDF9F70AC2}.Debug|x64.Build.0 = Debug|x64
		{47C924C9-EA3D-4BAC-9FF9-2ACDF9F70AC2}.Debug|x64.Deploy.0 = Debug|x64
		{47C924C9-EA3D-4BAC-9FF9-2ACDF9F70AC2}.Debug|x86.ActiveCfg = Debug|x86
		{47C924C9-EA3D-4BAC-9FF9-2ACDF9F70AC2}.Debug|x86.Build.0 = Debug|x86
		{47C924C9-EA3D-4BAC-9FF9-2ACDF9F70AC2}.Debug|x86.Deploy.0 = Debug|x86
		{47C924C9-EA3D-4BAC-9FF9-2ACDF9F70AC2}.Release|Any CPU.ActiveCfg = Release|x86
		{47C924C9-EA3D-4BAC-9FF9-2ACDF9F70AC2}.Release|Any CPU.Build.0 = Release|x86
		{47C924C9-EA3D-4BAC-9FF9-2ACDF9F70AC2}.Release|Any CPU.Deploy.0 = Release|x86
		{47C924C9-EA3D-4BAC-9FF9-2ACDF9F70AC2}.Release|ARM.ActiveCfg = Release|ARM
		{47C924C9-EA3D-4BAC-9FF9-2ACDF9F70AC2}.Release|ARM.Build.0 = Release|ARM
		{47C924C9-EA3D-4BAC-9FF9-2ACDF9F70AC2}.Release|ARM.Deploy.0 = Release|ARM
		{47C924C9-EA3D-4BAC-9FF9-2ACDF9F70AC2}.Release|iPhone.ActiveCfg = Release|x86
		{47C924C9-EA3D-4BAC-9FF9-2ACDF9F70AC2}.Release|iPhone.Build.0 = Release|x86
		{47C924C9-EA3D-4BAC-9FF9-2ACDF9F70AC2}.Release|iPhone.Deploy.0 = Release|x86
		{47C924C9-EA3D-4BAC-9FF9-2ACDF9F70AC2}.Release|iPhoneSimulator.ActiveCfg = Release|x86
		{47C924C9-EA3D-4BAC-9FF9-2ACDF9F70AC2}.Release|iPhoneSimulator.Build.0 = Release|x86
		{47C924C9-EA3D-4BAC-9FF9-2ACDF9F70AC2}.Release|iPhoneSimulator.Deploy.0 = Release|x86
		{47C924C9-EA3D-4BAC-9FF9-2ACDF9F70AC2}.Release|x64.ActiveCfg = Release|x64
		{47C924C9-EA3D-4BAC-9FF9-2ACDF9F70AC2}.Release|x64.Build.0 = Release|x64
		{47C924C9-EA3D-4BAC-9FF9-2ACDF9F70AC2}.Release|x64.Deploy.0 = Release|x64
		{47C924C9-EA3D-4BAC-9FF9-2ACDF9F70AC2}.Release|x86.ActiveCfg = Release|x86
		{47C924C9-EA3D-4BAC-9FF9-2ACDF9F70AC2}.Release|x86.Build.0 = Release|x86
		{47C924C9-EA3D-4BAC-9FF9-2ACDF9F70AC2}.Release|x86.Deploy.0 = Release|x86
		{41D6D29A-578B-4779-8F94-1E7671AF924C}.Debug|Any CPU.ActiveCfg = Debug|Any CPU
		{41D6D29A-578B-4779-8F94-1E7671AF924C}.Debug|Any CPU.Build.0 = Debug|Any CPU
		{41D6D29A-578B-4779-8F94-1E7671AF924C}.Debug|Any CPU.Deploy.0 = Debug|Any CPU
		{41D6D29A-578B-4779-8F94-1E7671AF924C}.Debug|ARM.ActiveCfg = Debug|Any CPU
		{41D6D29A-578B-4779-8F94-1E7671AF924C}.Debug|ARM.Build.0 = Debug|Any CPU
		{41D6D29A-578B-4779-8F94-1E7671AF924C}.Debug|ARM.Deploy.0 = Debug|Any CPU
		{41D6D29A-578B-4779-8F94-1E7671AF924C}.Debug|iPhone.ActiveCfg = Debug|Any CPU
		{41D6D29A-578B-4779-8F94-1E7671AF924C}.Debug|iPhone.Build.0 = Debug|Any CPU
		{41D6D29A-578B-4779-8F94-1E7671AF924C}.Debug|iPhone.Deploy.0 = Debug|Any CPU
		{41D6D29A-578B-4779-8F94-1E7671AF924C}.Debug|iPhoneSimulator.ActiveCfg = Debug|Any CPU
		{41D6D29A-578B-4779-8F94-1E7671AF924C}.Debug|iPhoneSimulator.Build.0 = Debug|Any CPU
		{41D6D29A-578B-4779-8F94-1E7671AF924C}.Debug|iPhoneSimulator.Deploy.0 = Debug|Any CPU
		{41D6D29A-578B-4779-8F94-1E7671AF924C}.Debug|x64.ActiveCfg = Debug|Any CPU
		{41D6D29A-578B-4779-8F94-1E7671AF924C}.Debug|x64.Build.0 = Debug|Any CPU
		{41D6D29A-578B-4779-8F94-1E7671AF924C}.Debug|x64.Deploy.0 = Debug|Any CPU
		{41D6D29A-578B-4779-8F94-1E7671AF924C}.Debug|x86.ActiveCfg = Debug|Any CPU
		{41D6D29A-578B-4779-8F94-1E7671AF924C}.Debug|x86.Build.0 = Debug|Any CPU
		{41D6D29A-578B-4779-8F94-1E7671AF924C}.Debug|x86.Deploy.0 = Debug|Any CPU
		{41D6D29A-578B-4779-8F94-1E7671AF924C}.Release|Any CPU.ActiveCfg = Release|Any CPU
		{41D6D29A-578B-4779-8F94-1E7671AF924C}.Release|Any CPU.Build.0 = Release|Any CPU
		{41D6D29A-578B-4779-8F94-1E7671AF924C}.Release|Any CPU.Deploy.0 = Release|Any CPU
		{41D6D29A-578B-4779-8F94-1E7671AF924C}.Release|ARM.ActiveCfg = Release|Any CPU
		{41D6D29A-578B-4779-8F94-1E7671AF924C}.Release|ARM.Build.0 = Release|Any CPU
		{41D6D29A-578B-4779-8F94-1E7671AF924C}.Release|ARM.Deploy.0 = Release|Any CPU
		{41D6D29A-578B-4779-8F94-1E7671AF924C}.Release|iPhone.ActiveCfg = Release|Any CPU
		{41D6D29A-578B-4779-8F94-1E7671AF924C}.Release|iPhone.Build.0 = Release|Any CPU
		{41D6D29A-578B-4779-8F94-1E7671AF924C}.Release|iPhone.Deploy.0 = Release|Any CPU
		{41D6D29A-578B-4779-8F94-1E7671AF924C}.Release|iPhoneSimulator.ActiveCfg = Release|Any CPU
		{41D6D29A-578B-4779-8F94-1E7671AF924C}.Release|iPhoneSimulator.Build.0 = Release|Any CPU
		{41D6D29A-578B-4779-8F94-1E7671AF924C}.Release|iPhoneSimulator.Deploy.0 = Release|Any CPU
		{41D6D29A-578B-4779-8F94-1E7671AF924C}.Release|x64.ActiveCfg = Release|Any CPU
		{41D6D29A-578B-4779-8F94-1E7671AF924C}.Release|x64.Build.0 = Release|Any CPU
		{41D6D29A-578B-4779-8F94-1E7671AF924C}.Release|x64.Deploy.0 = Release|Any CPU
		{41D6D29A-578B-4779-8F94-1E7671AF924C}.Release|x86.ActiveCfg = Release|Any CPU
		{41D6D29A-578B-4779-8F94-1E7671AF924C}.Release|x86.Build.0 = Release|Any CPU
		{41D6D29A-578B-4779-8F94-1E7671AF924C}.Release|x86.Deploy.0 = Release|Any CPU
	EndGlobalSection
	GlobalSection(SolutionProperties) = preSolution
		HideSolutionNode = FALSE
	EndGlobalSection
	GlobalSection(ExtensibilityGlobals) = postSolution
		SolutionGuid = {BA768825-0BAD-4C43-B2BC-97711F18B4D5}
	EndGlobalSection
EndGlobal
